
Microsoft Visual Studio Solution File, Format Version 12.00
# Visual Studio 15
VisualStudioVersion = 15.0.26430.6
MinimumVisualStudioVersion = 10.0.40219.1
Project("{FAE04EC0-301F-11D3-BF4B-00C04F79EFBC}") = "DiscordBot", "DiscordBot\DiscordBot.csproj", "{3D5D504C-A8E6-4E22-A693-1F2AFC5902D5}"
EndProject
Project("{FAE04EC0-301F-11D3-BF4B-00C04F79EFBC}") = "DataLibrary", "DataLibrary\DataLibrary.csproj", "{00725774-28A1-4DB1-A79D-6E96EC4A988D}"
EndProject
Project("{9A19103F-16F7-4668-BE54-9A1E7A4F7556}") = "Riot", "Riot\Riot.csproj", "{C4FD43B5-E285-499D-A4D3-D77F24DA0877}"
EndProject
Project("{FAE04EC0-301F-11D3-BF4B-00C04F79EFBC}") = "UnitTests", "UnitTests\UnitTests.csproj", "{C0ECA7DC-1158-42A1-AD05-F3C39A10D1BE}"
EndProject
Project("{FAE04EC0-301F-11D3-BF4B-00C04F79EFBC}") = "SmashHandler", "SmashHandler\SmashHandler.csproj", "{F5C68715-96AC-414B-880F-0BA62F80C8F7}"
EndProject
Project("{FAE04EC0-301F-11D3-BF4B-00C04F79EFBC}") = "AmiiboRestHandler", "AmiiboRestHandler\AmiiboRestHandler.csproj", "{EF9BD59B-7C15-48F6-AF39-5ED5ECF849E8}"
EndProject
Project("{FAE04EC0-301F-11D3-BF4B-00C04F79EFBC}") = "MeleeHandler", "MeleeHandler\MeleeHandler.csproj", "{F578FF5B-B7CC-4A73-8A7F-473F34AB52BF}"
EndProject
Project("{FAE04EC0-301F-11D3-BF4B-00C04F79EFBC}") = "KugorganeHammerHandler", "KugorganeHammerHandler\KugorganeHammerHandler.csproj", "{0A64B151-87DC-46DB-9582-8B3EFA8348F7}"
EndProject
Project("{FAE04EC0-301F-11D3-BF4B-00C04F79EFBC}") = "ChampionGGHandler", "ChampionGGHandler\ChampionGGHandler.csproj", "{AD880A72-68E2-4D09-A5B8-FB24EE5E72DD}"
EndProject
Global
	GlobalSection(SolutionConfigurationPlatforms) = preSolution
		Debug|Any CPU = Debug|Any CPU
		Release|Any CPU = Release|Any CPU
	EndGlobalSection
	GlobalSection(ProjectConfigurationPlatforms) = postSolution
		{3D5D504C-A8E6-4E22-A693-1F2AFC5902D5}.Debug|Any CPU.ActiveCfg = Debug|Any CPU
		{3D5D504C-A8E6-4E22-A693-1F2AFC5902D5}.Debug|Any CPU.Build.0 = Debug|Any CPU
		{3D5D504C-A8E6-4E22-A693-1F2AFC5902D5}.Release|Any CPU.ActiveCfg = Release|Any CPU
		{3D5D504C-A8E6-4E22-A693-1F2AFC5902D5}.Release|Any CPU.Build.0 = Release|Any CPU
		{00725774-28A1-4DB1-A79D-6E96EC4A988D}.Debug|Any CPU.ActiveCfg = Debug|Any CPU
		{00725774-28A1-4DB1-A79D-6E96EC4A988D}.Debug|Any CPU.Build.0 = Debug|Any CPU
		{00725774-28A1-4DB1-A79D-6E96EC4A988D}.Release|Any CPU.ActiveCfg = Release|Any CPU
		{00725774-28A1-4DB1-A79D-6E96EC4A988D}.Release|Any CPU.Build.0 = Release|Any CPU
		{C4FD43B5-E285-499D-A4D3-D77F24DA0877}.Debug|Any CPU.ActiveCfg = Debug|Any CPU
		{C4FD43B5-E285-499D-A4D3-D77F24DA0877}.Debug|Any CPU.Build.0 = Debug|Any CPU
		{C4FD43B5-E285-499D-A4D3-D77F24DA0877}.Release|Any CPU.ActiveCfg = Release|Any CPU
		{C4FD43B5-E285-499D-A4D3-D77F24DA0877}.Release|Any CPU.Build.0 = Release|Any CPU
		{C0ECA7DC-1158-42A1-AD05-F3C39A10D1BE}.Debug|Any CPU.ActiveCfg = Debug|Any CPU
		{C0ECA7DC-1158-42A1-AD05-F3C39A10D1BE}.Debug|Any CPU.Build.0 = Debug|Any CPU
		{C0ECA7DC-1158-42A1-AD05-F3C39A10D1BE}.Release|Any CPU.ActiveCfg = Release|Any CPU
		{C0ECA7DC-1158-42A1-AD05-F3C39A10D1BE}.Release|Any CPU.Build.0 = Release|Any CPU
		{F5C68715-96AC-414B-880F-0BA62F80C8F7}.Debug|Any CPU.ActiveCfg = Debug|Any CPU
		{F5C68715-96AC-414B-880F-0BA62F80C8F7}.Debug|Any CPU.Build.0 = Debug|Any CPU
		{F5C68715-96AC-414B-880F-0BA62F80C8F7}.Release|Any CPU.ActiveCfg = Release|Any CPU
		{F5C68715-96AC-414B-880F-0BA62F80C8F7}.Release|Any CPU.Build.0 = Release|Any CPU
		{EF9BD59B-7C15-48F6-AF39-5ED5ECF849E8}.Debug|Any CPU.ActiveCfg = Debug|Any CPU
		{EF9BD59B-7C15-48F6-AF39-5ED5ECF849E8}.Debug|Any CPU.Build.0 = Debug|Any CPU
		{EF9BD59B-7C15-48F6-AF39-5ED5ECF849E8}.Release|Any CPU.ActiveCfg = Release|Any CPU
		{EF9BD59B-7C15-48F6-AF39-5ED5ECF849E8}.Release|Any CPU.Build.0 = Release|Any CPU
		{F578FF5B-B7CC-4A73-8A7F-473F34AB52BF}.Debug|Any CPU.ActiveCfg = Debug|Any CPU
		{F578FF5B-B7CC-4A73-8A7F-473F34AB52BF}.Debug|Any CPU.Build.0 = Debug|Any CPU
		{F578FF5B-B7CC-4A73-8A7F-473F34AB52BF}.Release|Any CPU.ActiveCfg = Release|Any CPU
		{F578FF5B-B7CC-4A73-8A7F-473F34AB52BF}.Release|Any CPU.Build.0 = Release|Any CPU
		{0A64B151-87DC-46DB-9582-8B3EFA8348F7}.Debug|Any CPU.ActiveCfg = Debug|Any CPU
		{0A64B151-87DC-46DB-9582-8B3EFA8348F7}.Debug|Any CPU.Build.0 = Debug|Any CPU
		{0A64B151-87DC-46DB-9582-8B3EFA8348F7}.Release|Any CPU.ActiveCfg = Release|Any CPU
		{0A64B151-87DC-46DB-9582-8B3EFA8348F7}.Release|Any CPU.Build.0 = Release|Any CPU
		{AD880A72-68E2-4D09-A5B8-FB24EE5E72DD}.Debug|Any CPU.ActiveCfg = Debug|Any CPU
		{AD880A72-68E2-4D09-A5B8-FB24EE5E72DD}.Debug|Any CPU.Build.0 = Debug|Any CPU
		{AD880A72-68E2-4D09-A5B8-FB24EE5E72DD}.Release|Any CPU.ActiveCfg = Release|Any CPU
		{AD880A72-68E2-4D09-A5B8-FB24EE5E72DD}.Release|Any CPU.Build.0 = Release|Any CPU
	EndGlobalSection
	GlobalSection(SolutionProperties) = preSolution
		HideSolutionNode = FALSE
	EndGlobalSection
	GlobalSection(ExtensibilityGlobals) = postSolution
		SolutionGuid = {130000E8-4AE6-42C1-A684-3EBD945F42E1}
	EndGlobalSection
EndGlobal
